
Microsoft Visual Studio Solution File, Format Version 12.00
Project("{2150E333-8FDC-42A3-9474-1A3956D46DE8}") = "Solution Items", "Solution Items", "{ABB8333E-0153-408C-AC5F-40EF6D6F5A82}"
	ProjectSection(SolutionItems) = preProject
		Directory.Build.props = Directory.Build.props
		.gitignore = .gitignore
	EndProjectSection
EndProject
Project("{FAE04EC0-301F-11D3-BF4B-00C04F79EFBC}") = "WpfApp1", "WpfApp1\WpfApp1.csproj", "{B209E2B9-6A7E-4106-A56F-6FBCD07313C2}"
EndProject
Global
	GlobalSection(SolutionConfigurationPlatforms) = preSolution
		Debug|Any CPU = Debug|Any CPU
		Release|Any CPU = Release|Any CPU
	EndGlobalSection
	GlobalSection(ProjectConfigurationPlatforms) = postSolution
		{B209E2B9-6A7E-4106-A56F-6FBCD07313C2}.Debug|Any CPU.ActiveCfg = Debug|Any CPU
		{B209E2B9-6A7E-4106-A56F-6FBCD07313C2}.Debug|Any CPU.Build.0 = Debug|Any CPU
		{B209E2B9-6A7E-4106-A56F-6FBCD07313C2}.Release|Any CPU.ActiveCfg = Release|Any CPU
		{B209E2B9-6A7E-4106-A56F-6FBCD07313C2}.Release|Any CPU.Build.0 = Release|Any CPU
	EndGlobalSection
EndGlobal
